
Microsoft Visual Studio Solution File, Format Version 12.00
# Visual Studio Version 17
VisualStudioVersion = 17.0.31903.59
MinimumVisualStudioVersion = 10.0.40219.1
Project("{FAE04EC0-301F-11D3-BF4B-00C04F79EFBC}") = "API", "API\API.csproj", "{EA86E461-6B47-4002-8956-3827B4729F09}"
EndProject
Project("{FAE04EC0-301F-11D3-BF4B-00C04F79EFBC}") = "Core", "Core\Core.csproj", "{D8BB98F2-ED18-407C-AC86-C8170D99F410}"
EndProject
Project("{FAE04EC0-301F-11D3-BF4B-00C04F79EFBC}") = "Infrastructure", "Infrastructure\Infrastructure.csproj", "{D1927936-459E-4E86-AFDB-F7A4F9D380FB}"
EndProject
Global
	GlobalSection(SolutionConfigurationPlatforms) = preSolution
		Debug|Any CPU = Debug|Any CPU
		Release|Any CPU = Release|Any CPU
	EndGlobalSection
	GlobalSection(SolutionProperties) = preSolution
		HideSolutionNode = FALSE
	EndGlobalSection
	GlobalSection(ProjectConfigurationPlatforms) = postSolution
		{EA86E461-6B47-4002-8956-3827B4729F09}.Debug|Any CPU.ActiveCfg = Debug|Any CPU
		{EA86E461-6B47-4002-8956-3827B4729F09}.Debug|Any CPU.Build.0 = Debug|Any CPU
		{EA86E461-6B47-4002-8956-3827B4729F09}.Release|Any CPU.ActiveCfg = Release|Any CPU
		{EA86E461-6B47-4002-8956-3827B4729F09}.Release|Any CPU.Build.0 = Release|Any CPU
		{D8BB98F2-ED18-407C-AC86-C8170D99F410}.Debug|Any CPU.ActiveCfg = Debug|Any CPU
		{D8BB98F2-ED18-407C-AC86-C8170D99F410}.Debug|Any CPU.Build.0 = Debug|Any CPU
		{D8BB98F2-ED18-407C-AC86-C8170D99F410}.Release|Any CPU.ActiveCfg = Release|Any CPU
		{D8BB98F2-ED18-407C-AC86-C8170D99F410}.Release|Any CPU.Build.0 = Release|Any CPU
		{D1927936-459E-4E86-AFDB-F7A4F9D380FB}.Debug|Any CPU.ActiveCfg = Debug|Any CPU
		{D1927936-459E-4E86-AFDB-F7A4F9D380FB}.Debug|Any CPU.Build.0 = Debug|Any CPU
		{D1927936-459E-4E86-AFDB-F7A4F9D380FB}.Release|Any CPU.ActiveCfg = Release|Any CPU
		{D1927936-459E-4E86-AFDB-F7A4F9D380FB}.Release|Any CPU.Build.0 = Release|Any CPU
	EndGlobalSection
EndGlobal
